{
    "_meta": {
        "hash": {
            "sha256": "061cbad7084ff395bdc0c2236b17412a1f89d7eb679f7ca173b4fc16f845d95b"
        },
        "pipfile-spec": 6,
        "requires": {
            "python_version": "3.7"
        },
        "sources": [
            {
                "name": "pypi",
                "url": "https://pypi.org/simple",
                "verify_ssl": true
            }
        ]
    },
    "default": {
        "asgiref": {
            "hashes": [
                "sha256:3e4192eaec0758b99722f0b0666d5fbfaa713054d92e8de5b58ba84ec5ce696f",
                "sha256:c8f49dd3b42edcc51d09dd2eea8a92b3cfc987ff7e6486be734b4d0cbfd5d315"
            ],
            "version": "==3.2.5"
        },
        "django": {
            "hashes": [
                "sha256:50b781f6cbeb98f673aa76ed8e572a019a45e52bdd4ad09001072dfd91ab07c8",
                "sha256:89e451bfbb815280b137e33e454ddd56481fdaa6334054e6e031041ee1eda360"
            ],
            "index": "pypi",
            "version": "==3.0.4"
        },
        "django-admin": {
            "hashes": [
                "sha256:5c39d7a7614853425c11da2d9293748b104fe587f32bda2dd7ef56ab9ed7e61c",
                "sha256:63cfeb0d367488eb790b4a455dc9a5a64cc25f60060296c6d6e7fc0835c30cac"
            ],
            "index": "pypi",
            "version": "==2.0.1"
        },
        "django-excel-base": {
            "hashes": [
                "sha256:aa568c77562c03bdca7d3f60982df9ca66be0374e5e3c79d0a9c0302e0eb5cea",
                "sha256:b8f23646d02c2ff656b19403cd4ff76179b4be7e0f97bc798ed1161c47c85b5f"
            ],
            "version": "==1.0.3"
        },
        "django-excel-response2": {
            "hashes": [
                "sha256:6a8c522d3838f6ee09e37983030ee019f4756c6cc3099e37b3c20a84806ad9ff",
                "sha256:cd449534f66ca0d178e7007e895f99bbeef4480e79dd5e5f4b984088f6efae01"
            ],
            "version": "==3.0.1"
        },
        "django-six": {
            "hashes": [
                "sha256:b05c96f5a7dbdcf9b513748df27421e8d63e586399bac80a928a29d97d78d450",
                "sha256:d307483f3591fa3b471a3724659710229ea3127e112499f2b6f7fa7faa1e27e4"
            ],
            "version": "==1.0.4"
        },
        "djangorestframework": {
            "hashes": [
                "sha256:05809fc66e1c997fd9a32ea5730d9f4ba28b109b9da71fccfa5ff241201fd0a4",
                "sha256:e782087823c47a26826ee5b6fa0c542968219263fb3976ec3c31edab23a4001f"
            ],
            "index": "pypi",
            "version": "==3.11.0"
        },
        "pytz": {
            "hashes": [
                "sha256:1c557d7d0e871de1f5ccd5833f60fb2550652da6be2693c1e02300743d21500d",
                "sha256:b02c06db6cf09c12dd25137e563b31700d3b80fcc4ad23abb7a315f2789819be"
            ],
            "version": "==2019.3"
        },
        "screen": {
            "hashes": [
                "sha256:29009e0306d005679cc43c8cd69856a046265433310c10e71920591de3c58fda",
                "sha256:aebfe90de7b8a646d4f3c2b214bd6ffa2ab12ed9d0b14c08620d9c7f7b8ee670"
            ],
            "version": "==1.0.1"
        },
        "sqlparse": {
            "hashes": [
                "sha256:022fb9c87b524d1f7862b3037e541f68597a730a8843245c349fc93e1643dc4e",
                "sha256:e162203737712307dfe78860cc56c8da8a852ab2ee33750e33aeadf38d12c548"
            ],
            "version": "==0.3.1"
        },
        "xlwt": {
            "hashes": [
                "sha256:a082260524678ba48a297d922cc385f58278b8aa68741596a87de01a9c628b2e",
                "sha256:c59912717a9b28f1a3c2a98fd60741014b06b043936dcecbc113eaaada156c88"
            ],
            "version": "==1.3.0"
        }
    },
    "develop": {}
}
